
Microsoft Visual Studio Solution File, Format Version 12.00
# Visual Studio Version 17
VisualStudioVersion = 17.10.35013.160
MinimumVisualStudioVersion = 10.0.40219.1
Project("{FAE04EC0-301F-11D3-BF4B-00C04F79EFBC}") = "fff", "fff\fff.csproj", "{B70128CA-7068-4377-9DB7-AAF7AB93FE97}"
EndProject
Global
	GlobalSection(SolutionConfigurationPlatforms) = preSolution
		Debug|Any CPU = Debug|Any CPU
		Release|Any CPU = Release|Any CPU
	EndGlobalSection
	GlobalSection(ProjectConfigurationPlatforms) = postSolution
		{B70128CA-7068-4377-9DB7-AAF7AB93FE97}.Debug|Any CPU.ActiveCfg = Debug|Any CPU
		{B70128CA-7068-4377-9DB7-AAF7AB93FE97}.Debug|Any CPU.Build.0 = Debug|Any CPU
		{B70128CA-7068-4377-9DB7-AAF7AB93FE97}.Release|Any CPU.ActiveCfg = Release|Any CPU
		{B70128CA-7068-4377-9DB7-AAF7AB93FE97}.Release|Any CPU.Build.0 = Release|Any CPU
	EndGlobalSection
	GlobalSection(SolutionProperties) = preSolution
		HideSolutionNode = FALSE
	EndGlobalSection
	GlobalSection(ExtensibilityGlobals) = postSolution
		SolutionGuid = {01B91267-E6CB-4940-9ECC-62C8DD61B753}
	EndGlobalSection
EndGlobal
